{
  "pins" : [
    {
      "identity" : "expect",
      "kind" : "remoteSourceControl",
      "location" : "git@github.com:Dimension-North-Inc/Expect.git",
      "state" : {
        "revision" : "7f21a0c467e051400da4036c1cd2520545197e09",
        "version" : "1.0.0"
      }
    },
    {
      "identity" : "geometry",
      "kind" : "remoteSourceControl",
      "location" : "git@github.com:Dimension-North-Inc/Geometry.git",
      "state" : {
        "revision" : "2f7bf2dfc1c5e47d5453c3bfa988c77990aa6e0f",
        "version" : "1.0.0"
      }
    }
  ],
  "version" : 2
}
