{
  "originHash" : "277cd4a305d07912d0ca5d726a6ce99f0eeaa851ce89878b6a001812635d85c0",
  "pins" : [
    {
      "identity" : "geometry",
      "kind" : "remoteSourceControl",
      "location" : "https://github.com/Dimension-North-Inc/Geometry.git",
      "state" : {
        "revision" : "bd6abc37fa50a3379497fb22a161b0b91a2c396c",
        "version" : "2.0.0"
      }
    }
  ],
  "version" : 3
}
